# This file is automatically @generated by Cargo.
# It is not intended for manual editing.
version = 4

[[package]]
name = "cue-app"
version = "0.1.0"

[[package]]
name = "cue-core"
version = "0.1.0"

[[package]]
name = "cue-decide"
version = "0.1.0"

[[package]]
name = "cue-egress"
version = "0.1.0"

[[package]]
name = "cue-eval-bridge"
version = "0.1.0"

[[package]]
name = "cue-exec"
version = "0.1.0"

[[package]]
name = "cue-platform"
version = "0.1.0"

[[package]]
name = "cue-providers"
version = "0.1.0"

[[package]]
name = "cue-scheduler"
version = "0.1.0"

[[package]]
name = "cue-secrets"
version = "0.1.0"

[[package]]
name = "cue-store"
version = "0.1.0"
